
Microsoft Visual Studio Solution File, Format Version 12.00
# Visual Studio 14
VisualStudioVersion = 14.0.25420.1
MinimumVisualStudioVersion = 10.0.40219.1
Project("{8BC9CEB8-8B4A-11D0-8D11-00A0C91BC942}") = "base", "base\base.vcxproj", "{B12702AD-ABFB-343A-A199-8E24837244A3}"
EndProject
Project("{8BC9CEB8-8B4A-11D0-8D11-00A0C91BC942}") = "mts_core", "mts_core\mts_core.vcxproj", "{260336B1-97BA-4C95-A3F8-4C76E3D371E8}"
	ProjectSection(ProjectDependencies) = postProject
		{B12702AD-ABFB-343A-A199-8E24837244A3} = {B12702AD-ABFB-343A-A199-8E24837244A3}
	EndProjectSection
EndProject
Project("{8BC9CEB8-8B4A-11D0-8D11-00A0C91BC942}") = "clock_real", "clock_real\clock_real.vcxproj", "{5034A692-4413-4996-A538-4680636BCABA}"
	ProjectSection(ProjectDependencies) = postProject
		{B12702AD-ABFB-343A-A199-8E24837244A3} = {B12702AD-ABFB-343A-A199-8E24837244A3}
		{260336B1-97BA-4C95-A3F8-4C76E3D371E8} = {260336B1-97BA-4C95-A3F8-4C76E3D371E8}
	EndProjectSection
EndProject
Project("{8BC9CEB8-8B4A-11D0-8D11-00A0C91BC942}") = "feeds_real_CTP", "feeds_real_CTP\mts_feeds_real_CTP.vcxproj", "{B75930D1-66F0-4BE2-A48E-8BECF5B6EB45}"
	ProjectSection(ProjectDependencies) = postProject
		{B12702AD-ABFB-343A-A199-8E24837244A3} = {B12702AD-ABFB-343A-A199-8E24837244A3}
		{260336B1-97BA-4C95-A3F8-4C76E3D371E8} = {260336B1-97BA-4C95-A3F8-4C76E3D371E8}
		{99E404BF-D278-42FE-B9C2-FD6C5DB7041C} = {99E404BF-D278-42FE-B9C2-FD6C5DB7041C}
	EndProjectSection
EndProject
Project("{8BC9CEB8-8B4A-11D0-8D11-00A0C91BC942}") = "ctp_ext", "ctp_ext\ctp_ext.vcxproj", "{99E404BF-D278-42FE-B9C2-FD6C5DB7041C}"
	ProjectSection(ProjectDependencies) = postProject
		{B12702AD-ABFB-343A-A199-8E24837244A3} = {B12702AD-ABFB-343A-A199-8E24837244A3}
		{260336B1-97BA-4C95-A3F8-4C76E3D371E8} = {260336B1-97BA-4C95-A3F8-4C76E3D371E8}
	EndProjectSection
EndProject
Project("{8BC9CEB8-8B4A-11D0-8D11-00A0C91BC942}") = "trade_real_CTP", "trade_real_CTP\mts_trade_real_CTP.vcxproj", "{1915B8AA-BBE0-431C-97C0-57288FD56856}"
	ProjectSection(ProjectDependencies) = postProject
		{B12702AD-ABFB-343A-A199-8E24837244A3} = {B12702AD-ABFB-343A-A199-8E24837244A3}
		{260336B1-97BA-4C95-A3F8-4C76E3D371E8} = {260336B1-97BA-4C95-A3F8-4C76E3D371E8}
		{99E404BF-D278-42FE-B9C2-FD6C5DB7041C} = {99E404BF-D278-42FE-B9C2-FD6C5DB7041C}
	EndProjectSection
EndProject
Project("{8BC9CEB8-8B4A-11D0-8D11-00A0C91BC942}") = "mts_agent_python", "mts_agent_python\mts_agent_python.vcxproj", "{73B8167A-49AB-437B-8EE9-59AE4D78E7E0}"
	ProjectSection(ProjectDependencies) = postProject
		{40B51581-7871-482A-A36B-B2325CA2361C} = {40B51581-7871-482A-A36B-B2325CA2361C}
		{B12702AD-ABFB-343A-A199-8E24837244A3} = {B12702AD-ABFB-343A-A199-8E24837244A3}
		{260336B1-97BA-4C95-A3F8-4C76E3D371E8} = {260336B1-97BA-4C95-A3F8-4C76E3D371E8}
	EndProjectSection
EndProject
Project("{8BC9CEB8-8B4A-11D0-8D11-00A0C91BC942}") = "mts", "mts\mts.vcxproj", "{40B51581-7871-482A-A36B-B2325CA2361C}"
	ProjectSection(ProjectDependencies) = postProject
		{B12702AD-ABFB-343A-A199-8E24837244A3} = {B12702AD-ABFB-343A-A199-8E24837244A3}
		{260336B1-97BA-4C95-A3F8-4C76E3D371E8} = {260336B1-97BA-4C95-A3F8-4C76E3D371E8}
	EndProjectSection
EndProject
Global
	GlobalSection(SolutionConfigurationPlatforms) = preSolution
		Debug|x64 = Debug|x64
		Debug|x86 = Debug|x86
		Release|x64 = Release|x64
		Release|x86 = Release|x86
	EndGlobalSection
	GlobalSection(ProjectConfigurationPlatforms) = postSolution
		{B12702AD-ABFB-343A-A199-8E24837244A3}.Debug|x64.ActiveCfg = Debug|x64
		{B12702AD-ABFB-343A-A199-8E24837244A3}.Debug|x64.Build.0 = Debug|x64
		{B12702AD-ABFB-343A-A199-8E24837244A3}.Debug|x86.ActiveCfg = Debug|x64
		{B12702AD-ABFB-343A-A199-8E24837244A3}.Release|x64.ActiveCfg = Release|x64
		{B12702AD-ABFB-343A-A199-8E24837244A3}.Release|x64.Build.0 = Release|x64
		{B12702AD-ABFB-343A-A199-8E24837244A3}.Release|x86.ActiveCfg = Release|x64
		{260336B1-97BA-4C95-A3F8-4C76E3D371E8}.Debug|x64.ActiveCfg = Debug|x64
		{260336B1-97BA-4C95-A3F8-4C76E3D371E8}.Debug|x64.Build.0 = Debug|x64
		{260336B1-97BA-4C95-A3F8-4C76E3D371E8}.Debug|x86.ActiveCfg = Debug|x64
		{260336B1-97BA-4C95-A3F8-4C76E3D371E8}.Release|x64.ActiveCfg = Release|x64
		{260336B1-97BA-4C95-A3F8-4C76E3D371E8}.Release|x64.Build.0 = Release|x64
		{260336B1-97BA-4C95-A3F8-4C76E3D371E8}.Release|x86.ActiveCfg = Release|x64
		{5034A692-4413-4996-A538-4680636BCABA}.Debug|x64.ActiveCfg = Debug|x64
		{5034A692-4413-4996-A538-4680636BCABA}.Debug|x64.Build.0 = Debug|x64
		{5034A692-4413-4996-A538-4680636BCABA}.Debug|x86.ActiveCfg = Debug|x64
		{5034A692-4413-4996-A538-4680636BCABA}.Release|x64.ActiveCfg = Release|x64
		{5034A692-4413-4996-A538-4680636BCABA}.Release|x64.Build.0 = Release|x64
		{5034A692-4413-4996-A538-4680636BCABA}.Release|x86.ActiveCfg = Release|x64
		{B75930D1-66F0-4BE2-A48E-8BECF5B6EB45}.Debug|x64.ActiveCfg = Debug|x64
		{B75930D1-66F0-4BE2-A48E-8BECF5B6EB45}.Debug|x64.Build.0 = Debug|x64
		{B75930D1-66F0-4BE2-A48E-8BECF5B6EB45}.Debug|x86.ActiveCfg = Debug|Win32
		{B75930D1-66F0-4BE2-A48E-8BECF5B6EB45}.Debug|x86.Build.0 = Debug|Win32
		{B75930D1-66F0-4BE2-A48E-8BECF5B6EB45}.Release|x64.ActiveCfg = Release|x64
		{B75930D1-66F0-4BE2-A48E-8BECF5B6EB45}.Release|x64.Build.0 = Release|x64
		{B75930D1-66F0-4BE2-A48E-8BECF5B6EB45}.Release|x86.ActiveCfg = Release|Win32
		{B75930D1-66F0-4BE2-A48E-8BECF5B6EB45}.Release|x86.Build.0 = Release|Win32
		{99E404BF-D278-42FE-B9C2-FD6C5DB7041C}.Debug|x64.ActiveCfg = Debug|x64
		{99E404BF-D278-42FE-B9C2-FD6C5DB7041C}.Debug|x64.Build.0 = Debug|x64
		{99E404BF-D278-42FE-B9C2-FD6C5DB7041C}.Debug|x86.ActiveCfg = Debug|Win32
		{99E404BF-D278-42FE-B9C2-FD6C5DB7041C}.Debug|x86.Build.0 = Debug|Win32
		{99E404BF-D278-42FE-B9C2-FD6C5DB7041C}.Release|x64.ActiveCfg = Release|x64
		{99E404BF-D278-42FE-B9C2-FD6C5DB7041C}.Release|x64.Build.0 = Release|x64
		{99E404BF-D278-42FE-B9C2-FD6C5DB7041C}.Release|x86.ActiveCfg = Release|Win32
		{99E404BF-D278-42FE-B9C2-FD6C5DB7041C}.Release|x86.Build.0 = Release|Win32
		{1915B8AA-BBE0-431C-97C0-57288FD56856}.Debug|x64.ActiveCfg = Debug|x64
		{1915B8AA-BBE0-431C-97C0-57288FD56856}.Debug|x64.Build.0 = Debug|x64
		{1915B8AA-BBE0-431C-97C0-57288FD56856}.Debug|x86.ActiveCfg = Debug|Win32
		{1915B8AA-BBE0-431C-97C0-57288FD56856}.Debug|x86.Build.0 = Debug|Win32
		{1915B8AA-BBE0-431C-97C0-57288FD56856}.Release|x64.ActiveCfg = Release|x64
		{1915B8AA-BBE0-431C-97C0-57288FD56856}.Release|x64.Build.0 = Release|x64
		{1915B8AA-BBE0-431C-97C0-57288FD56856}.Release|x86.ActiveCfg = Release|Win32
		{1915B8AA-BBE0-431C-97C0-57288FD56856}.Release|x86.Build.0 = Release|Win32
		{73B8167A-49AB-437B-8EE9-59AE4D78E7E0}.Debug|x64.ActiveCfg = Debug|x64
		{73B8167A-49AB-437B-8EE9-59AE4D78E7E0}.Debug|x64.Build.0 = Debug|x64
		{73B8167A-49AB-437B-8EE9-59AE4D78E7E0}.Debug|x86.ActiveCfg = Debug|Win32
		{73B8167A-49AB-437B-8EE9-59AE4D78E7E0}.Debug|x86.Build.0 = Debug|Win32
		{73B8167A-49AB-437B-8EE9-59AE4D78E7E0}.Release|x64.ActiveCfg = Release|x64
		{73B8167A-49AB-437B-8EE9-59AE4D78E7E0}.Release|x64.Build.0 = Release|x64
		{73B8167A-49AB-437B-8EE9-59AE4D78E7E0}.Release|x86.ActiveCfg = Release|Win32
		{73B8167A-49AB-437B-8EE9-59AE4D78E7E0}.Release|x86.Build.0 = Release|Win32
		{40B51581-7871-482A-A36B-B2325CA2361C}.Debug|x64.ActiveCfg = Debug|x64
		{40B51581-7871-482A-A36B-B2325CA2361C}.Debug|x64.Build.0 = Debug|x64
		{40B51581-7871-482A-A36B-B2325CA2361C}.Debug|x86.ActiveCfg = Debug|Win32
		{40B51581-7871-482A-A36B-B2325CA2361C}.Debug|x86.Build.0 = Debug|Win32
		{40B51581-7871-482A-A36B-B2325CA2361C}.Release|x64.ActiveCfg = Release|x64
		{40B51581-7871-482A-A36B-B2325CA2361C}.Release|x64.Build.0 = Release|x64
		{40B51581-7871-482A-A36B-B2325CA2361C}.Release|x86.ActiveCfg = Release|Win32
		{40B51581-7871-482A-A36B-B2325CA2361C}.Release|x86.Build.0 = Release|Win32
	EndGlobalSection
	GlobalSection(SolutionProperties) = preSolution
		HideSolutionNode = FALSE
	EndGlobalSection
EndGlobal
