<?xml version="1.0" encoding="utf-8"?>
<Project ToolsVersion="4.0" xmlns="http://schemas.microsoft.com/developer/msbuild/2003">
  <ItemGroup>
    <Filter Include="Source Files">
      <UniqueIdentifier>{4FC737F1-C7A5-4376-A066-2A32D752A2FF}</UniqueIdentifier>
      <Extensions>cpp;cxx;c;def</Extensions>
    </Filter>
    <Filter Include="Header Files">
      <UniqueIdentifier>{93995380-89BD-4b04-88EB-625FBE52EBFB}</UniqueIdentifier>
      <Extensions>h</Extensions>
    </Filter>
    <Filter Include="Form Files">
      <UniqueIdentifier>{99349809-55BA-4b9d-BF79-8FDBB0286EB3}</UniqueIdentifier>
      <Extensions>ui</Extensions>
    </Filter>
    <Filter Include="Resource Files">
      <UniqueIdentifier>{D9D6E242-F8AF-46E4-B9FD-80ECBC20BA3E}</UniqueIdentifier>
      <Extensions>qrc;*</Extensions>
      <ParseFiles>false</ParseFiles>
    </Filter>
    <Filter Include="Generated Files">
      <UniqueIdentifier>{71ED8ED8-ACB9-4CE9-BBE1-E00B30144E11}</UniqueIdentifier>
      <Extensions>moc;h;cpp</Extensions>
      <SourceControlFiles>False</SourceControlFiles>
    </Filter>
    <Filter Include="Generated Files\Debug">
      <UniqueIdentifier>{af51e6bc-05c1-4946-852c-6c6cfa8c8c9f}</UniqueIdentifier>
      <Extensions>cpp;moc</Extensions>
      <SourceControlFiles>False</SourceControlFiles>
    </Filter>
    <Filter Include="Generated Files\Release">
      <UniqueIdentifier>{f9ed181c-d339-48fc-8daf-01365798b87a}</UniqueIdentifier>
      <Extensions>cpp;moc</Extensions>
      <SourceControlFiles>False</SourceControlFiles>
    </Filter>
    <Filter Include="Generated Files\DebugWithTest">
      <UniqueIdentifier>{ab70d34c-8504-4c72-8b50-445937ec4949}</UniqueIdentifier>
      <Extensions>cpp;moc</Extensions>
      <SourceControlFiles>False</SourceControlFiles>
    </Filter>
    <Filter Include="Generated Files\ReleaseWithTest">
      <UniqueIdentifier>{15100b94-cffe-4683-8379-7739ea127504}</UniqueIdentifier>
      <Extensions>cpp;moc</Extensions>
      <SourceControlFiles>False</SourceControlFiles>
    </Filter>
  </ItemGroup>
  <ItemGroup>
    <ClInclude Include="mts_agent_python_api.h">
      <Filter>Header Files</Filter>
    </ClInclude>
    <ClInclude Include="PyAccount.h">
      <Filter>Header Files</Filter>
    </ClInclude>
    <ClInclude Include="PyBar.h">
      <Filter>Header Files</Filter>
    </ClInclude>
    <ClInclude Include="PyDateTime.h">
      <Filter>Header Files</Filter>
    </ClInclude>
    <ClInclude Include="PyInstrumentProperty.h">
      <Filter>Header Files</Filter>
    </ClInclude>
    <ClInclude Include="PyOrder.h">
      <Filter>Header Files</Filter>
    </ClInclude>
    <ClInclude Include="PyOrderCancelDone.h">
      <Filter>Header Files</Filter>
    </ClInclude>
    <ClInclude Include="PyOrderCancelReject.h">
      <Filter>Header Files</Filter>
    </ClInclude>
    <ClInclude Include="PyOrderFill.h">
      <Filter>Header Files</Filter>
    </ClInclude>
    <ClInclude Include="PyOrderNewDone.h">
      <Filter>Header Files</Filter>
    </ClInclude>
    <ClInclude Include="PyOrderNewReject.h">
      <Filter>Header Files</Filter>
    </ClInclude>
    <ClInclude Include="PyOrderReport.h">
      <Filter>Header Files</Filter>
    </ClInclude>
    <ClInclude Include="PyPosition.h">
      <Filter>Header Files</Filter>
    </ClInclude>
    <ClInclude Include="PyQuote.h">
      <Filter>Header Files</Filter>
    </ClInclude>
    <ClInclude Include="PythonStrategyWrap.h">
      <Filter>Header Files</Filter>
    </ClInclude>
    <ClInclude Include="PythonUtil.h">
      <Filter>Header Files</Filter>
    </ClInclude>
    <ClInclude Include="PyTradingAccount.h">
      <Filter>Header Files</Filter>
    </ClInclude>
  </ItemGroup>
  <ItemGroup>
    <ClCompile Include="PyAccount.cpp">
      <Filter>Source Files</Filter>
    </ClCompile>
    <ClCompile Include="PyBar.cpp">
      <Filter>Source Files</Filter>
    </ClCompile>
    <ClCompile Include="PyDateTime.cpp">
      <Filter>Source Files</Filter>
    </ClCompile>
    <ClCompile Include="PyInstrumentProperty.cpp">
      <Filter>Source Files</Filter>
    </ClCompile>
    <ClCompile Include="PyOrder.cpp">
      <Filter>Source Files</Filter>
    </ClCompile>
    <ClCompile Include="PyOrderFill.cpp">
      <Filter>Source Files</Filter>
    </ClCompile>
    <ClCompile Include="PyPosition.cpp">
      <Filter>Source Files</Filter>
    </ClCompile>
    <ClCompile Include="PyQuote.cpp">
      <Filter>Source Files</Filter>
    </ClCompile>
    <ClCompile Include="PythonModule.cpp">
      <Filter>Source Files</Filter>
    </ClCompile>
    <ClCompile Include="PythonStrategy.cpp">
      <Filter>Source Files</Filter>
    </ClCompile>
    <ClCompile Include="GeneratedFiles\DebugWithTest\moc_PythonStrategy.cpp">
      <Filter>Generated Files\DebugWithTest</Filter>
    </ClCompile>
    <ClCompile Include="GeneratedFiles\Debug\moc_PythonStrategy.cpp">
      <Filter>Generated Files\Debug</Filter>
    </ClCompile>
    <ClCompile Include="GeneratedFiles\ReleaseWithTest\moc_PythonStrategy.cpp">
      <Filter>Generated Files\ReleaseWithTest</Filter>
    </ClCompile>
    <ClCompile Include="GeneratedFiles\Release\moc_PythonStrategy.cpp">
      <Filter>Generated Files\Release</Filter>
    </ClCompile>
    <ClCompile Include="PythonUtil.cpp">
      <Filter>Source Files</Filter>
    </ClCompile>
    <ClCompile Include="PyTradingAccount.cpp">
      <Filter>Source Files</Filter>
    </ClCompile>
    <ClCompile Include="PythonMdouleMain.cpp">
      <Filter>Source Files</Filter>
    </ClCompile>
  </ItemGroup>
  <ItemGroup>
    <CustomBuild Include="PythonStrategy.h">
      <Filter>Header Files</Filter>
    </CustomBuild>
  </ItemGroup>
</Project>