<?xml version="1.0" encoding="utf-8"?>
<Project ToolsVersion="4.0" xmlns="http://schemas.microsoft.com/developer/msbuild/2003">
  <ItemGroup>
    <Filter Include="Source Files">
      <UniqueIdentifier>{4FC737F1-C7A5-4376-A066-2A32D752A2FF}</UniqueIdentifier>
      <Extensions>cpp;c;cc;cxx;def;odl;idl;hpj;bat;asm;asmx</Extensions>
    </Filter>
    <Filter Include="Header Files">
      <UniqueIdentifier>{93995380-89BD-4b04-88EB-625FBE52EBFB}</UniqueIdentifier>
      <Extensions>h;hh;hpp;hxx;hm;inl;inc;xsd</Extensions>
    </Filter>
    <Filter Include="Resource Files">
      <UniqueIdentifier>{D9D6E242-F8AF-46E4-B9FD-80ECBC20BA3E}</UniqueIdentifier>
      <Extensions>qrc;*</Extensions>
      <ParseFiles>false</ParseFiles>
    </Filter>
    <Filter Include="Resource Files">
      <UniqueIdentifier>{D9D6E242-F8AF-46E4-B9FD-80ECBC20BA3E}</UniqueIdentifier>
      <Extensions>qrc;*</Extensions>
      <ParseFiles>false</ParseFiles>
    </Filter>
    <Filter Include="Generated Files">
      <UniqueIdentifier>{71ED8ED8-ACB9-4CE9-BBE1-E00B30144E11}</UniqueIdentifier>
      <Extensions>moc;h;cpp</Extensions>
      <SourceControlFiles>False</SourceControlFiles>
    </Filter>
    <Filter Include="Generated Files\Debug">
      <UniqueIdentifier>{8054929d-7996-4a1e-a8f8-ceddec999fb5}</UniqueIdentifier>
      <Extensions>cpp;moc</Extensions>
      <SourceControlFiles>False</SourceControlFiles>
    </Filter>
    <Filter Include="Generated Files\Release">
      <UniqueIdentifier>{607464ec-ba50-4c31-8995-c00268e3ba29}</UniqueIdentifier>
      <Extensions>cpp;moc</Extensions>
      <SourceControlFiles>False</SourceControlFiles>
    </Filter>
  </ItemGroup>
  <ItemGroup>
    <ClCompile Include="Account.cpp">
      <Filter>Source Files</Filter>
    </ClCompile>
    <ClCompile Include="Clock.cpp">
      <Filter>Source Files</Filter>
    </ClCompile>
    <ClCompile Include="Component.cpp">
      <Filter>Source Files</Filter>
    </ClCompile>
    <ClCompile Include="ContinuousSymbolMgr.cpp">
      <Filter>Source Files</Filter>
    </ClCompile>
    <ClCompile Include="enums.cpp">
      <Filter>Source Files</Filter>
    </ClCompile>
    <ClCompile Include="Environment.cpp">
      <Filter>Source Files</Filter>
    </ClCompile>
    <ClCompile Include="ExchOrderSet.cpp">
      <Filter>Source Files</Filter>
    </ClCompile>
    <ClCompile Include="Feeds.cpp">
      <Filter>Source Files</Filter>
    </ClCompile>
    <ClCompile Include="InstrumentId.cpp">
      <Filter>Source Files</Filter>
    </ClCompile>
    <ClCompile Include="InstrumentObject.cpp">
      <Filter>Source Files</Filter>
    </ClCompile>
    <ClCompile Include="InstrumentProperty.cpp">
      <Filter>Source Files</Filter>
    </ClCompile>
    <ClCompile Include="InstrumentPropertyDb.cpp">
      <Filter>Source Files</Filter>
    </ClCompile>
    <ClCompile Include="Order.cpp">
      <Filter>Source Files</Filter>
    </ClCompile>
    <ClCompile Include="OrderAction.cpp">
      <Filter>Source Files</Filter>
    </ClCompile>
    <ClCompile Include="OrderFillSet.cpp">
      <Filter>Source Files</Filter>
    </ClCompile>
    <ClCompile Include="OrderId.cpp">
      <Filter>Source Files</Filter>
    </ClCompile>
    <ClCompile Include="OrderReport.cpp">
      <Filter>Source Files</Filter>
    </ClCompile>
    <ClCompile Include="OrderSet.cpp">
      <Filter>Source Files</Filter>
    </ClCompile>
    <ClCompile Include="OrderType.cpp">
      <Filter>Source Files</Filter>
    </ClCompile>
    <ClCompile Include="Position.cpp">
      <Filter>Source Files</Filter>
    </ClCompile>
    <ClCompile Include="Quote.cpp">
      <Filter>Source Files</Filter>
    </ClCompile>
    <ClCompile Include="QuoteSet.cpp">
      <Filter>Source Files</Filter>
    </ClCompile>
    <ClCompile Include="Trade.cpp">
      <Filter>Source Files</Filter>
    </ClCompile>
    <ClCompile Include="TradingAccount.cpp">
      <Filter>Source Files</Filter>
    </ClCompile>
    <ClCompile Include="TradingDateMgr.cpp">
      <Filter>Source Files</Filter>
    </ClCompile>
    <ClCompile Include="Bar.cpp">
      <Filter>Source Files</Filter>
    </ClCompile>
    <ClCompile Include="CalcBar.cpp">
      <Filter>Source Files</Filter>
    </ClCompile>
    <ClCompile Include="GeneratedFiles\Debug\moc_Environment.cpp">
      <Filter>Generated Files\Debug</Filter>
    </ClCompile>
    <ClCompile Include="GeneratedFiles\Release\moc_Environment.cpp">
      <Filter>Generated Files\Release</Filter>
    </ClCompile>
    <ClCompile Include="GeneratedFiles\Debug\moc_Component.cpp">
      <Filter>Generated Files\Debug</Filter>
    </ClCompile>
    <ClCompile Include="GeneratedFiles\Release\moc_Component.cpp">
      <Filter>Generated Files\Release</Filter>
    </ClCompile>
    <ClCompile Include="GeneratedFiles\Debug\moc_InstrumentPropertyDb.cpp">
      <Filter>Generated Files\Debug</Filter>
    </ClCompile>
    <ClCompile Include="GeneratedFiles\Release\moc_InstrumentPropertyDb.cpp">
      <Filter>Generated Files\Release</Filter>
    </ClCompile>
    <ClCompile Include="GeneratedFiles\Debug\moc_Trade.cpp">
      <Filter>Generated Files\Debug</Filter>
    </ClCompile>
    <ClCompile Include="GeneratedFiles\Release\moc_Trade.cpp">
      <Filter>Generated Files\Release</Filter>
    </ClCompile>
    <ClCompile Include="AbstractConfigParams.cpp">
      <Filter>Source Files</Filter>
    </ClCompile>
    <ClCompile Include="ConfigParams.cpp">
      <Filter>Source Files</Filter>
    </ClCompile>
    <ClCompile Include="SysConfigParams.cpp">
      <Filter>Source Files</Filter>
    </ClCompile>
    <ClCompile Include="TradingDateMgrFromFile.cpp">
      <Filter>Source Files</Filter>
    </ClCompile>
    <ClCompile Include="TradingDateMgr24Hour.cpp">
      <Filter>Source Files</Filter>
    </ClCompile>
    <ClCompile Include="EnvironmentFactory.cpp">
      <Filter>Source Files</Filter>
    </ClCompile>
    <ClCompile Include="PositionVolumeInfo.cpp">
      <Filter>Source Files</Filter>
    </ClCompile>
  </ItemGroup>
  <ItemGroup>
    <ClInclude Include="Account.h">
      <Filter>Header Files</Filter>
    </ClInclude>
    <ClInclude Include="AccountCallback.h">
      <Filter>Header Files</Filter>
    </ClInclude>
    <ClInclude Include="Clock.h">
      <Filter>Header Files</Filter>
    </ClInclude>
    <ClInclude Include="const.h">
      <Filter>Header Files</Filter>
    </ClInclude>
    <ClInclude Include="ContinuousSymbolMgr.h">
      <Filter>Header Files</Filter>
    </ClInclude>
    <ClInclude Include="DateCallback.h">
      <Filter>Header Files</Filter>
    </ClInclude>
    <ClInclude Include="enums.h">
      <Filter>Header Files</Filter>
    </ClInclude>
    <ClInclude Include="ExchOrderSet.h">
      <Filter>Header Files</Filter>
    </ClInclude>
    <ClInclude Include="Feeds.h">
      <Filter>Header Files</Filter>
    </ClInclude>
    <ClInclude Include="FeedsCallback.h">
      <Filter>Header Files</Filter>
    </ClInclude>
    <ClInclude Include="InstrumentId.h">
      <Filter>Header Files</Filter>
    </ClInclude>
    <ClInclude Include="InstrumentObject.h">
      <Filter>Header Files</Filter>
    </ClInclude>
    <ClInclude Include="InstrumentProperty.h">
      <Filter>Header Files</Filter>
    </ClInclude>
    <ClInclude Include="MethodDefine.h">
      <Filter>Header Files</Filter>
    </ClInclude>
    <ClInclude Include="mts_core_api.h">
      <Filter>Header Files</Filter>
    </ClInclude>
    <ClInclude Include="Order.h">
      <Filter>Header Files</Filter>
    </ClInclude>
    <ClInclude Include="OrderAction.h">
      <Filter>Header Files</Filter>
    </ClInclude>
    <ClInclude Include="OrderFillSet.h">
      <Filter>Header Files</Filter>
    </ClInclude>
    <ClInclude Include="OrderId.h">
      <Filter>Header Files</Filter>
    </ClInclude>
    <ClInclude Include="OrderReport.h">
      <Filter>Header Files</Filter>
    </ClInclude>
    <ClInclude Include="OrderSet.h">
      <Filter>Header Files</Filter>
    </ClInclude>
    <ClInclude Include="OrderType.h">
      <Filter>Header Files</Filter>
    </ClInclude>
    <ClInclude Include="Position.h">
      <Filter>Header Files</Filter>
    </ClInclude>
    <ClInclude Include="Quote.h">
      <Filter>Header Files</Filter>
    </ClInclude>
    <ClInclude Include="QuoteSet.h">
      <Filter>Header Files</Filter>
    </ClInclude>
    <ClInclude Include="StrategyInterface.h">
      <Filter>Header Files</Filter>
    </ClInclude>
    <ClInclude Include="TimerCallback.h">
      <Filter>Header Files</Filter>
    </ClInclude>
    <ClInclude Include="TradeCallback.h">
      <Filter>Header Files</Filter>
    </ClInclude>
    <ClInclude Include="TradingAccount.h">
      <Filter>Header Files</Filter>
    </ClInclude>
    <ClInclude Include="TradingDateMgr.h">
      <Filter>Header Files</Filter>
    </ClInclude>
    <ClInclude Include="Bar.h">
      <Filter>Header Files</Filter>
    </ClInclude>
    <ClInclude Include="CalcBar.h">
      <Filter>Header Files</Filter>
    </ClInclude>
    <ClInclude Include="GeneratedFiles\Debug\CoreBar_generated.h">
      <Filter>Generated Files\Debug</Filter>
    </ClInclude>
    <ClInclude Include="GeneratedFiles\Release\CoreBar_generated.h">
      <Filter>Generated Files\Release</Filter>
    </ClInclude>
    <ClInclude Include="AbstractConfigParams.h">
      <Filter>Header Files</Filter>
    </ClInclude>
    <ClInclude Include="ConfigParams.h">
      <Filter>Header Files</Filter>
    </ClInclude>
    <ClInclude Include="ParamsFields.h">
      <Filter>Header Files</Filter>
    </ClInclude>
    <ClInclude Include="SysConfigParams.h">
      <Filter>Header Files</Filter>
    </ClInclude>
    <ClInclude Include="TradingDateMgrFromFile.h">
      <Filter>Header Files</Filter>
    </ClInclude>
    <ClInclude Include="TradingDateMgr24Hour.h">
      <Filter>Header Files</Filter>
    </ClInclude>
    <ClInclude Include="EnvironmentFactory.h">
      <Filter>Header Files</Filter>
    </ClInclude>
    <ClInclude Include="PositionVolumeInfo.h">
      <Filter>Header Files</Filter>
    </ClInclude>
  </ItemGroup>
  <ItemGroup>
    <CustomBuild Include="Environment.h">
      <Filter>Header Files</Filter>
    </CustomBuild>
    <CustomBuild Include="Component.h">
      <Filter>Header Files</Filter>
    </CustomBuild>
    <CustomBuild Include="InstrumentPropertyDb.h">
      <Filter>Header Files</Filter>
    </CustomBuild>
    <CustomBuild Include="Trade.h">
      <Filter>Header Files</Filter>
    </CustomBuild>
    <CustomBuild Include="CoreBar.fbs" />
  </ItemGroup>
</Project>